
Microsoft Visual Studio Solution File, Format Version 12.00
# Visual Studio Version 17
VisualStudioVersion = 17.2.32505.173
MinimumVisualStudioVersion = 10.0.40219.1
Project("{FAE04EC0-301F-11D3-BF4B-00C04F79EFBC}") = "Wpf_Samkova_UP_PR", "Wpf_Samkova_UP_PR.csproj", "{33598962-2BD1-40E5-AB28-07FA33268BC8}"
EndProject
Global
	GlobalSection(SolutionConfigurationPlatforms) = preSolution
		Debug|Any CPU = Debug|Any CPU
		Release|Any CPU = Release|Any CPU
	EndGlobalSection
	GlobalSection(ProjectConfigurationPlatforms) = postSolution
		{33598962-2BD1-40E5-AB28-07FA33268BC8}.Debug|Any CPU.ActiveCfg = Debug|Any CPU
		{33598962-2BD1-40E5-AB28-07FA33268BC8}.Debug|Any CPU.Build.0 = Debug|Any CPU
		{33598962-2BD1-40E5-AB28-07FA33268BC8}.Release|Any CPU.ActiveCfg = Release|Any CPU
		{33598962-2BD1-40E5-AB28-07FA33268BC8}.Release|Any CPU.Build.0 = Release|Any CPU
	EndGlobalSection
	GlobalSection(SolutionProperties) = preSolution
		HideSolutionNode = FALSE
	EndGlobalSection
	GlobalSection(ExtensibilityGlobals) = postSolution
		SolutionGuid = {C5AF9394-999A-47BE-BEAF-4F2C76DC6F12}
	EndGlobalSection
EndGlobal
